
Microsoft Visual Studio Solution File, Format Version 12.00
# Visual Studio Version 17
VisualStudioVersion = 17.4.33205.214
MinimumVisualStudioVersion = 10.0.40219.1
Project("{FAE04EC0-301F-11D3-BF4B-00C04F79EFBC}") = "PastaneSistemi", "PastaneSistemi\PastaneSistemi.csproj", "{9108FAFD-E387-47A1-A788-02153C3343C0}"
EndProject
Global
	GlobalSection(SolutionConfigurationPlatforms) = preSolution
		Debug|Any CPU = Debug|Any CPU
		Release|Any CPU = Release|Any CPU
	EndGlobalSection
	GlobalSection(ProjectConfigurationPlatforms) = postSolution
		{9108FAFD-E387-47A1-A788-02153C3343C0}.Debug|Any CPU.ActiveCfg = Debug|Any CPU
		{9108FAFD-E387-47A1-A788-02153C3343C0}.Debug|Any CPU.Build.0 = Debug|Any CPU
		{9108FAFD-E387-47A1-A788-02153C3343C0}.Release|Any CPU.ActiveCfg = Release|Any CPU
		{9108FAFD-E387-47A1-A788-02153C3343C0}.Release|Any CPU.Build.0 = Release|Any CPU
	EndGlobalSection
	GlobalSection(SolutionProperties) = preSolution
		HideSolutionNode = FALSE
	EndGlobalSection
	GlobalSection(ExtensibilityGlobals) = postSolution
		SolutionGuid = {74EF80AD-BE83-4D9B-B8A2-08B06921699F}
	EndGlobalSection
EndGlobal
